// !$*UTF8*$!
{
	archiveVersion = 1;
	classes = {
	};
	objectVersion = 51;
	objects = {

/* Begin PBXBuildFile section */
		2C4DF35E13C69A5A1E785E1F /* Pods_Roompi_RoompiUITests.framework in Frameworks */ = {isa = PBXBuildFile; fileRef = 0FD8AA95C1D66088BEB5639D /* Pods_Roompi_RoompiUITests.framework */; };
		3B416DEF456BE59767B4794E /* Pods_RoompiTests.framework in Frameworks */ = {isa = PBXBuildFile; fileRef = 25A1BE7404BAA61A01201D2F /* Pods_RoompiTests.framework */; };
		A22FAA5D25C7D77800B7660D /* AppDelegate.swift in Sources */ = {isa = PBXBuildFile; fileRef = A22FAA5C25C7D77800B7660D /* AppDelegate.swift */; };
		A22FAA5F25C7D77800B7660D /* SceneDelegate.swift in Sources */ = {isa = PBXBuildFile; fileRef = A22FAA5E25C7D77800B7660D /* SceneDelegate.swift */; };
		A22FAA6125C7D77800B7660D /* ViewController.swift in Sources */ = {isa = PBXBuildFile; fileRef = A22FAA6025C7D77800B7660D /* ViewController.swift */; };
		A22FAA6425C7D77800B7660D /* Main.storyboard in Resources */ = {isa = PBXBuildFile; fileRef = A22FAA6225C7D77800B7660D /* Main.storyboard */; };
		A22FAA6625C7D77A00B7660D /* Assets.xcassets in Resources */ = {isa = PBXBuildFile; fileRef = A22FAA6525C7D77A00B7660D /* Assets.xcassets */; };
		A22FAA6925C7D77A00B7660D /* LaunchScreen.storyboard in Resources */ = {isa = PBXBuildFile; fileRef = A22FAA6725C7D77A00B7660D /* LaunchScreen.storyboard */; };
		A22FAA7425C7D77A00B7660D /* RoompiTests.swift in Sources */ = {isa = PBXBuildFile; fileRef = A22FAA7325C7D77A00B7660D /* RoompiTests.swift */; };
		A22FAA7F25C7D77B00B7660D /* RoompiUITests.swift in Sources */ = {isa = PBXBuildFile; fileRef = A22FAA7E25C7D77B00B7660D /* RoompiUITests.swift */; };
		A24001FD25CBCF1900BC114F /* ToastManager.swift in Sources */ = {isa = PBXBuildFile; fileRef = A24001FC25CBCF1900BC114F /* ToastManager.swift */; };
		A240020525CBCF3600BC114F /* LoaderManager.swift in Sources */ = {isa = PBXBuildFile; fileRef = A240020425CBCF3600BC114F /* LoaderManager.swift */; };
		A2708E8025DE650E002EC754 /* KeyboardEventDispatcher.swift in Sources */ = {isa = PBXBuildFile; fileRef = A2708E7F25DE650E002EC754 /* KeyboardEventDispatcher.swift */; };
		A2708E8825DE6545002EC754 /* BaseViewController.swift in Sources */ = {isa = PBXBuildFile; fileRef = A2708E8725DE6545002EC754 /* BaseViewController.swift */; };
		A2A0000625C7E63D00110208 /* ApiClient.swift in Sources */ = {isa = PBXBuildFile; fileRef = A2A0000525C7E63D00110208 /* ApiClient.swift */; };
		A2A0001F25C7FD5B00110208 /* APICallError.swift in Sources */ = {isa = PBXBuildFile; fileRef = A2A0001E25C7FD5B00110208 /* APICallError.swift */; };
		A2A0002C25C7FDFA00110208 /* Constants.swift in Sources */ = {isa = PBXBuildFile; fileRef = A2A0002425C7FDFA00110208 /* Constants.swift */; };
		A2A0002F25C7FDFA00110208 /* Fonts.swift in Sources */ = {isa = PBXBuildFile; fileRef = A2A0002725C7FDFA00110208 /* Fonts.swift */; };
		A2A0003025C7FDFA00110208 /* DateGeneric.swift in Sources */ = {isa = PBXBuildFile; fileRef = A2A0002825C7FDFA00110208 /* DateGeneric.swift */; };
		A2A0003225C7FDFA00110208 /* Colors.swift in Sources */ = {isa = PBXBuildFile; fileRef = A2A0002A25C7FDFA00110208 /* Colors.swift */; };
		A2A0003325C7FDFA00110208 /* Extension.swift in Sources */ = {isa = PBXBuildFile; fileRef = A2A0002B25C7FDFA00110208 /* Extension.swift */; };
		A2A0FFFC25C7E51200110208 /* ApiRouter+Signin.swift in Sources */ = {isa = PBXBuildFile; fileRef = A2A0FFFB25C7E51200110208 /* ApiRouter+Signin.swift */; };
		A2AB803925D38D5900E69DFA /* BaseTextField.swift in Sources */ = {isa = PBXBuildFile; fileRef = A2AB803825D38D5900E69DFA /* BaseTextField.swift */; };
		A2AB80A425D3C97A00E69DFA /* Style.swift in Sources */ = {isa = PBXBuildFile; fileRef = A2AB80A325D3C97A00E69DFA /* Style.swift */; };
		A2AB80AD25D3C9D600E69DFA /* UIKit+Estention.swift in Sources */ = {isa = PBXBuildFile; fileRef = A2AB80AC25D3C9D600E69DFA /* UIKit+Estention.swift */; };
		A2AB80B525D3CBC100E69DFA /* String+Extention.swift in Sources */ = {isa = PBXBuildFile; fileRef = A2AB80B425D3CBC100E69DFA /* String+Extention.swift */; };
		A2AB80BB25D3CE5B00E69DFA /* HasApply.swift in Sources */ = {isa = PBXBuildFile; fileRef = A2AB80BA25D3CE5B00E69DFA /* HasApply.swift */; };
		A2AB80C325D3CEB500E69DFA /* Functions.swift in Sources */ = {isa = PBXBuildFile; fileRef = A2AB80C225D3CEB500E69DFA /* Functions.swift */; };
		A2AB80CB25D3D7C100E69DFA /* HasSetup.swift in Sources */ = {isa = PBXBuildFile; fileRef = A2AB80CA25D3D7C100E69DFA /* HasSetup.swift */; };
		A2AB80D025D3D89700E69DFA /* UIView+Swizzle.swift in Sources */ = {isa = PBXBuildFile; fileRef = A2AB80CF25D3D89700E69DFA /* UIView+Swizzle.swift */; };
		A2D75E2425C92CB300FDD124 /* SigninViewModel.swift in Sources */ = {isa = PBXBuildFile; fileRef = A2D75E2325C92CB300FDD124 /* SigninViewModel.swift */; };
		A2FF501D25CA5E9A004BD8DE /* BaseModel.swift in Sources */ = {isa = PBXBuildFile; fileRef = A2FF501C25CA5E9A004BD8DE /* BaseModel.swift */; };
		A2FF502525CA5F2E004BD8DE /* SigninModel.swift in Sources */ = {isa = PBXBuildFile; fileRef = A2FF502425CA5F2E004BD8DE /* SigninModel.swift */; };
		B172BE616FA37F99FA9F368C /* Pods_Roompi.framework in Frameworks */ = {isa = PBXBuildFile; fileRef = 47E5EED46884F63B56FA1D83 /* Pods_Roompi.framework */; };
/* End PBXBuildFile section */

/* Begin PBXContainerItemProxy section */
		A22FAA7025C7D77A00B7660D /* PBXContainerItemProxy */ = {
			isa = PBXContainerItemProxy;
			containerPortal = A22FAA5125C7D77800B7660D /* Project object */;
			proxyType = 1;
			remoteGlobalIDString = A22FAA5825C7D77800B7660D;
			remoteInfo = Roompi;
		};
		A22FAA7B25C7D77B00B7660D /* PBXContainerItemProxy */ = {
			isa = PBXContainerItemProxy;
			containerPortal = A22FAA5125C7D77800B7660D /* Project object */;
			proxyType = 1;
			remoteGlobalIDString = A22FAA5825C7D77800B7660D;
			remoteInfo = Roompi;
		};
/* End PBXContainerItemProxy section */

/* Begin PBXFileReference section */
		0FD8AA95C1D66088BEB5639D /* Pods_Roompi_RoompiUITests.framework */ = {isa = PBXFileReference; explicitFileType = wrapper.framework; includeInIndex = 0; path = Pods_Roompi_RoompiUITests.framework; sourceTree = BUILT_PRODUCTS_DIR; };
		25A1BE7404BAA61A01201D2F /* Pods_RoompiTests.framework */ = {isa = PBXFileReference; explicitFileType = wrapper.framework; includeInIndex = 0; path = Pods_RoompiTests.framework; sourceTree = BUILT_PRODUCTS_DIR; };
		295177204F68E4EFF6329F49 /* Pods-Roompi-RoompiUITests.debug.xcconfig */ = {isa = PBXFileReference; includeInIndex = 1; lastKnownFileType = text.xcconfig; name = "Pods-Roompi-RoompiUITests.debug.xcconfig"; path = "Target Support Files/Pods-Roompi-RoompiUITests/Pods-Roompi-RoompiUITests.debug.xcconfig"; sourceTree = "<group>"; };
		47E5EED46884F63B56FA1D83 /* Pods_Roompi.framework */ = {isa = PBXFileReference; explicitFileType = wrapper.framework; includeInIndex = 0; path = Pods_Roompi.framework; sourceTree = BUILT_PRODUCTS_DIR; };
		555EBC273B41BA047D1F7CF8 /* Pods-Roompi.release.xcconfig */ = {isa = PBXFileReference; includeInIndex = 1; lastKnownFileType = text.xcconfig; name = "Pods-Roompi.release.xcconfig"; path = "Target Support Files/Pods-Roompi/Pods-Roompi.release.xcconfig"; sourceTree = "<group>"; };
		56E3603C00BA8979C3EF883C /* Pods-Roompi.debug.xcconfig */ = {isa = PBXFileReference; includeInIndex = 1; lastKnownFileType = text.xcconfig; name = "Pods-Roompi.debug.xcconfig"; path = "Target Support Files/Pods-Roompi/Pods-Roompi.debug.xcconfig"; sourceTree = "<group>"; };
		A22FAA5925C7D77800B7660D /* Roompi.app */ = {isa = PBXFileReference; explicitFileType = wrapper.application; includeInIndex = 0; path = Roompi.app; sourceTree = BUILT_PRODUCTS_DIR; };
		A22FAA5C25C7D77800B7660D /* AppDelegate.swift */ = {isa = PBXFileReference; lastKnownFileType = sourcecode.swift; path = AppDelegate.swift; sourceTree = "<group>"; };
		A22FAA5E25C7D77800B7660D /* SceneDelegate.swift */ = {isa = PBXFileReference; lastKnownFileType = sourcecode.swift; path = SceneDelegate.swift; sourceTree = "<group>"; };
		A22FAA6025C7D77800B7660D /* ViewController.swift */ = {isa = PBXFileReference; lastKnownFileType = sourcecode.swift; path = ViewController.swift; sourceTree = "<group>"; };
		A22FAA6325C7D77800B7660D /* Base */ = {isa = PBXFileReference; lastKnownFileType = file.storyboard; name = Base; path = Base.lproj/Main.storyboard; sourceTree = "<group>"; };
		A22FAA6525C7D77A00B7660D /* Assets.xcassets */ = {isa = PBXFileReference; lastKnownFileType = folder.assetcatalog; path = Assets.xcassets; sourceTree = "<group>"; };
		A22FAA6825C7D77A00B7660D /* Base */ = {isa = PBXFileReference; lastKnownFileType = file.storyboard; name = Base; path = Base.lproj/LaunchScreen.storyboard; sourceTree = "<group>"; };
		A22FAA6A25C7D77A00B7660D /* Info.plist */ = {isa = PBXFileReference; lastKnownFileType = text.plist.xml; path = Info.plist; sourceTree = "<group>"; };
		A22FAA6F25C7D77A00B7660D /* RoompiTests.xctest */ = {isa = PBXFileReference; explicitFileType = wrapper.cfbundle; includeInIndex = 0; path = RoompiTests.xctest; sourceTree = BUILT_PRODUCTS_DIR; };
		A22FAA7325C7D77A00B7660D /* RoompiTests.swift */ = {isa = PBXFileReference; lastKnownFileType = sourcecode.swift; path = RoompiTests.swift; sourceTree = "<group>"; };
		A22FAA7525C7D77A00B7660D /* Info.plist */ = {isa = PBXFileReference; lastKnownFileType = text.plist.xml; path = Info.plist; sourceTree = "<group>"; };
		A22FAA7A25C7D77B00B7660D /* RoompiUITests.xctest */ = {isa = PBXFileReference; explicitFileType = wrapper.cfbundle; includeInIndex = 0; path = RoompiUITests.xctest; sourceTree = BUILT_PRODUCTS_DIR; };
		A22FAA7E25C7D77B00B7660D /* RoompiUITests.swift */ = {isa = PBXFileReference; lastKnownFileType = sourcecode.swift; path = RoompiUITests.swift; sourceTree = "<group>"; };
		A22FAA8025C7D77B00B7660D /* Info.plist */ = {isa = PBXFileReference; lastKnownFileType = text.plist.xml; path = Info.plist; sourceTree = "<group>"; };
		A24001FC25CBCF1900BC114F /* ToastManager.swift */ = {isa = PBXFileReference; lastKnownFileType = sourcecode.swift; path = ToastManager.swift; sourceTree = "<group>"; };
		A240020425CBCF3600BC114F /* LoaderManager.swift */ = {isa = PBXFileReference; lastKnownFileType = sourcecode.swift; path = LoaderManager.swift; sourceTree = "<group>"; };
		A2708E7F25DE650E002EC754 /* KeyboardEventDispatcher.swift */ = {isa = PBXFileReference; lastKnownFileType = sourcecode.swift; path = KeyboardEventDispatcher.swift; sourceTree = "<group>"; };
		A2708E8725DE6545002EC754 /* BaseViewController.swift */ = {isa = PBXFileReference; lastKnownFileType = sourcecode.swift; path = BaseViewController.swift; sourceTree = "<group>"; };
		A2A0000525C7E63D00110208 /* ApiClient.swift */ = {isa = PBXFileReference; lastKnownFileType = sourcecode.swift; path = ApiClient.swift; sourceTree = "<group>"; };
		A2A0001E25C7FD5B00110208 /* APICallError.swift */ = {isa = PBXFileReference; fileEncoding = 4; lastKnownFileType = sourcecode.swift; path = APICallError.swift; sourceTree = "<group>"; };
		A2A0002425C7FDFA00110208 /* Constants.swift */ = {isa = PBXFileReference; fileEncoding = 4; lastKnownFileType = sourcecode.swift; path = Constants.swift; sourceTree = "<group>"; };
		A2A0002725C7FDFA00110208 /* Fonts.swift */ = {isa = PBXFileReference; fileEncoding = 4; lastKnownFileType = sourcecode.swift; path = Fonts.swift; sourceTree = "<group>"; };
		A2A0002825C7FDFA00110208 /* DateGeneric.swift */ = {isa = PBXFileReference; fileEncoding = 4; lastKnownFileType = sourcecode.swift; path = DateGeneric.swift; sourceTree = "<group>"; };
		A2A0002A25C7FDFA00110208 /* Colors.swift */ = {isa = PBXFileReference; fileEncoding = 4; lastKnownFileType = sourcecode.swift; path = Colors.swift; sourceTree = "<group>"; };
		A2A0002B25C7FDFA00110208 /* Extension.swift */ = {isa = PBXFileReference; fileEncoding = 4; lastKnownFileType = sourcecode.swift; path = Extension.swift; sourceTree = "<group>"; };
		A2A0FFFB25C7E51200110208 /* ApiRouter+Signin.swift */ = {isa = PBXFileReference; lastKnownFileType = sourcecode.swift; path = "ApiRouter+Signin.swift"; sourceTree = "<group>"; };
		A2AB803825D38D5900E69DFA /* BaseTextField.swift */ = {isa = PBXFileReference; lastKnownFileType = sourcecode.swift; path = BaseTextField.swift; sourceTree = "<group>"; };
		A2AB80A325D3C97A00E69DFA /* Style.swift */ = {isa = PBXFileReference; lastKnownFileType = sourcecode.swift; path = Style.swift; sourceTree = "<group>"; };
		A2AB80AC25D3C9D600E69DFA /* UIKit+Estention.swift */ = {isa = PBXFileReference; lastKnownFileType = sourcecode.swift; path = "UIKit+Estention.swift"; sourceTree = "<group>"; };
		A2AB80B425D3CBC100E69DFA /* String+Extention.swift */ = {isa = PBXFileReference; lastKnownFileType = sourcecode.swift; path = "String+Extention.swift"; sourceTree = "<group>"; };
		A2AB80BA25D3CE5B00E69DFA /* HasApply.swift */ = {isa = PBXFileReference; lastKnownFileType = sourcecode.swift; path = HasApply.swift; sourceTree = "<group>"; };
		A2AB80C225D3CEB500E69DFA /* Functions.swift */ = {isa = PBXFileReference; lastKnownFileType = sourcecode.swift; path = Functions.swift; sourceTree = "<group>"; };
		A2AB80CA25D3D7C100E69DFA /* HasSetup.swift */ = {isa = PBXFileReference; lastKnownFileType = sourcecode.swift; path = HasSetup.swift; sourceTree = "<group>"; };
		A2AB80CF25D3D89700E69DFA /* UIView+Swizzle.swift */ = {isa = PBXFileReference; lastKnownFileType = sourcecode.swift; path = "UIView+Swizzle.swift"; sourceTree = "<group>"; };
		A2D75E2325C92CB300FDD124 /* SigninViewModel.swift */ = {isa = PBXFileReference; lastKnownFileType = sourcecode.swift; path = SigninViewModel.swift; sourceTree = "<group>"; };
		A2FF501C25CA5E9A004BD8DE /* BaseModel.swift */ = {isa = PBXFileReference; lastKnownFileType = sourcecode.swift; path = BaseModel.swift; sourceTree = "<group>"; };
		A2FF502425CA5F2E004BD8DE /* SigninModel.swift */ = {isa = PBXFileReference; lastKnownFileType = sourcecode.swift; path = SigninModel.swift; sourceTree = "<group>"; };
		A6240966876DF38DCABEC439 /* Pods-RoompiTests.debug.xcconfig */ = {isa = PBXFileReference; includeInIndex = 1; lastKnownFileType = text.xcconfig; name = "Pods-RoompiTests.debug.xcconfig"; path = "Target Support Files/Pods-RoompiTests/Pods-RoompiTests.debug.xcconfig"; sourceTree = "<group>"; };
		BB6FC50FC8D81B8E301CB38E /* Pods-Roompi-RoompiUITests.release.xcconfig */ = {isa = PBXFileReference; includeInIndex = 1; lastKnownFileType = text.xcconfig; name = "Pods-Roompi-RoompiUITests.release.xcconfig"; path = "Target Support Files/Pods-Roompi-RoompiUITests/Pods-Roompi-RoompiUITests.release.xcconfig"; sourceTree = "<group>"; };
		E460F75AD65BA31263999C21 /* Pods-RoompiTests.release.xcconfig */ = {isa = PBXFileReference; includeInIndex = 1; lastKnownFileType = text.xcconfig; name = "Pods-RoompiTests.release.xcconfig"; path = "Target Support Files/Pods-RoompiTests/Pods-RoompiTests.release.xcconfig"; sourceTree = "<group>"; };
/* End PBXFileReference section */

/* Begin PBXFrameworksBuildPhase section */
		A22FAA5625C7D77800B7660D /* Frameworks */ = {
			isa = PBXFrameworksBuildPhase;
			buildActionMask = 2147483647;
			files = (
				B172BE616FA37F99FA9F368C /* Pods_Roompi.framework in Frameworks */,
			);
			runOnlyForDeploymentPostprocessing = 0;
		};
		A22FAA6C25C7D77A00B7660D /* Frameworks */ = {
			isa = PBXFrameworksBuildPhase;
			buildActionMask = 2147483647;
			files = (
				3B416DEF456BE59767B4794E /* Pods_RoompiTests.framework in Frameworks */,
			);
			runOnlyForDeploymentPostprocessing = 0;
		};
		A22FAA7725C7D77B00B7660D /* Frameworks */ = {
			isa = PBXFrameworksBuildPhase;
			buildActionMask = 2147483647;
			files = (
				2C4DF35E13C69A5A1E785E1F /* Pods_Roompi_RoompiUITests.framework in Frameworks */,
			);
			runOnlyForDeploymentPostprocessing = 0;
		};
/* End PBXFrameworksBuildPhase section */

/* Begin PBXGroup section */
		3121CFEA3A92AF7B473DF6F5 /* Pods */ = {
			isa = PBXGroup;
			children = (
				56E3603C00BA8979C3EF883C /* Pods-Roompi.debug.xcconfig */,
				555EBC273B41BA047D1F7CF8 /* Pods-Roompi.release.xcconfig */,
				295177204F68E4EFF6329F49 /* Pods-Roompi-RoompiUITests.debug.xcconfig */,
				BB6FC50FC8D81B8E301CB38E /* Pods-Roompi-RoompiUITests.release.xcconfig */,
				A6240966876DF38DCABEC439 /* Pods-RoompiTests.debug.xcconfig */,
				E460F75AD65BA31263999C21 /* Pods-RoompiTests.release.xcconfig */,
			);
			path = Pods;
			sourceTree = "<group>";
		};
		47966EA70D88E6F6B4E7DD5A /* Frameworks */ = {
			isa = PBXGroup;
			children = (
				47E5EED46884F63B56FA1D83 /* Pods_Roompi.framework */,
				0FD8AA95C1D66088BEB5639D /* Pods_Roompi_RoompiUITests.framework */,
				25A1BE7404BAA61A01201D2F /* Pods_RoompiTests.framework */,
			);
			name = Frameworks;
			sourceTree = "<group>";
		};
		A22FAA5025C7D77800B7660D = {
			isa = PBXGroup;
			children = (
				A22FAA5B25C7D77800B7660D /* Roompi */,
				A22FAA7225C7D77A00B7660D /* RoompiTests */,
				A22FAA7D25C7D77B00B7660D /* RoompiUITests */,
				A22FAA5A25C7D77800B7660D /* Products */,
				3121CFEA3A92AF7B473DF6F5 /* Pods */,
				47966EA70D88E6F6B4E7DD5A /* Frameworks */,
			);
			sourceTree = "<group>";
		};
		A22FAA5A25C7D77800B7660D /* Products */ = {
			isa = PBXGroup;
			children = (
				A22FAA5925C7D77800B7660D /* Roompi.app */,
				A22FAA6F25C7D77A00B7660D /* RoompiTests.xctest */,
				A22FAA7A25C7D77B00B7660D /* RoompiUITests.xctest */,
			);
			name = Products;
			sourceTree = "<group>";
		};
		A22FAA5B25C7D77800B7660D /* Roompi */ = {
			isa = PBXGroup;
			children = (
				A24001F925CBCE5000BC114F /* Helpers */,
				A2FF501B25CA5E7F004BD8DE /* Model */,
				A2D75E2125C92C7E00FDD124 /* Feature */,
				A2A0002325C7FDDC00110208 /* Constant */,
				A2A0FFFA25C7E4CD00110208 /* Services */,
				A22FAA5C25C7D77800B7660D /* AppDelegate.swift */,
				A22FAA5E25C7D77800B7660D /* SceneDelegate.swift */,
				A22FAA6525C7D77A00B7660D /* Assets.xcassets */,
				A22FAA6725C7D77A00B7660D /* LaunchScreen.storyboard */,
				A22FAA6A25C7D77A00B7660D /* Info.plist */,
			);
			path = Roompi;
			sourceTree = "<group>";
		};
		A22FAA7225C7D77A00B7660D /* RoompiTests */ = {
			isa = PBXGroup;
			children = (
				A22FAA7325C7D77A00B7660D /* RoompiTests.swift */,
				A22FAA7525C7D77A00B7660D /* Info.plist */,
			);
			path = RoompiTests;
			sourceTree = "<group>";
		};
		A22FAA7D25C7D77B00B7660D /* RoompiUITests */ = {
			isa = PBXGroup;
			children = (
				A22FAA7E25C7D77B00B7660D /* RoompiUITests.swift */,
				A22FAA8025C7D77B00B7660D /* Info.plist */,
			);
			path = RoompiUITests;
			sourceTree = "<group>";
		};
		A24001F925CBCE5000BC114F /* Helpers */ = {
			isa = PBXGroup;
			children = (
				A2AB80A125D3C94100E69DFA /* Core */,
				A24001FB25CBCE7300BC114F /* ComponentUI */,
				A24001FA25CBCE6800BC114F /* Extention */,
			);
			path = Helpers;
			sourceTree = "<group>";
		};
		A24001FA25CBCE6800BC114F /* Extention */ = {
			isa = PBXGroup;
			children = (
				A2AB80B425D3CBC100E69DFA /* String+Extention.swift */,
			);
			path = Extention;
			sourceTree = "<group>";
		};
		A24001FB25CBCE7300BC114F /* ComponentUI */ = {
			isa = PBXGroup;
			children = (
				A24001FC25CBCF1900BC114F /* ToastManager.swift */,
				A240020425CBCF3600BC114F /* LoaderManager.swift */,
				A2AB803825D38D5900E69DFA /* BaseTextField.swift */,
			);
			path = ComponentUI;
			sourceTree = "<group>";
		};
		A2708E7E25DE64B2002EC754 /* Utilities */ = {
			isa = PBXGroup;
			children = (
				A2708E7F25DE650E002EC754 /* KeyboardEventDispatcher.swift */,
			);
			path = Utilities;
			sourceTree = "<group>";
		};
		A2A0002325C7FDDC00110208 /* Constant */ = {
			isa = PBXGroup;
			children = (
				A2A0002A25C7FDFA00110208 /* Colors.swift */,
				A2A0002425C7FDFA00110208 /* Constants.swift */,
				A2A0002825C7FDFA00110208 /* DateGeneric.swift */,
				A2A0002B25C7FDFA00110208 /* Extension.swift */,
				A2A0002725C7FDFA00110208 /* Fonts.swift */,
			);
			path = Constant;
			sourceTree = "<group>";
		};
		A2A0FFFA25C7E4CD00110208 /* Services */ = {
			isa = PBXGroup;
			children = (
				A2A0FFFB25C7E51200110208 /* ApiRouter+Signin.swift */,
				A2A0000525C7E63D00110208 /* ApiClient.swift */,
				A2A0001E25C7FD5B00110208 /* APICallError.swift */,
			);
			path = Services;
			sourceTree = "<group>";
		};
		A2AB80A125D3C94100E69DFA /* Core */ = {
			isa = PBXGroup;
			children = (
				A2708E7E25DE64B2002EC754 /* Utilities */,
				A2AB80B925D3CE4600E69DFA /* Protocol */,
				A2AB80AB25D3C9B300E69DFA /* UIKitExtention */,
				A2AB80A225D3C95500E69DFA /* Style */,
				A2708E8725DE6545002EC754 /* BaseViewController.swift */,
			);
			path = Core;
			sourceTree = "<group>";
		};
		A2AB80A225D3C95500E69DFA /* Style */ = {
			isa = PBXGroup;
			children = (
				A2AB80A325D3C97A00E69DFA /* Style.swift */,
			);
			path = Style;
			sourceTree = "<group>";
		};
		A2AB80AB25D3C9B300E69DFA /* UIKitExtention */ = {
			isa = PBXGroup;
			children = (
				A2AB80AC25D3C9D600E69DFA /* UIKit+Estention.swift */,
				A2AB80CF25D3D89700E69DFA /* UIView+Swizzle.swift */,
			);
			path = UIKitExtention;
			sourceTree = "<group>";
		};
		A2AB80B925D3CE4600E69DFA /* Protocol */ = {
			isa = PBXGroup;
			children = (
				A2AB80BA25D3CE5B00E69DFA /* HasApply.swift */,
				A2AB80C225D3CEB500E69DFA /* Functions.swift */,
				A2AB80CA25D3D7C100E69DFA /* HasSetup.swift */,
			);
			path = Protocol;
			sourceTree = "<group>";
		};
		A2D75E2125C92C7E00FDD124 /* Feature */ = {
			isa = PBXGroup;
			children = (
				A2D75E2225C92C8D00FDD124 /* Signin */,
			);
			path = Feature;
			sourceTree = "<group>";
		};
		A2D75E2225C92C8D00FDD124 /* Signin */ = {
			isa = PBXGroup;
			children = (
				A2D75E2325C92CB300FDD124 /* SigninViewModel.swift */,
				A22FAA6025C7D77800B7660D /* ViewController.swift */,
				A22FAA6225C7D77800B7660D /* Main.storyboard */,
			);
			path = Signin;
			sourceTree = "<group>";
		};
		A2FF501B25CA5E7F004BD8DE /* Model */ = {
			isa = PBXGroup;
			children = (
				A2FF501C25CA5E9A004BD8DE /* BaseModel.swift */,
				A2FF502425CA5F2E004BD8DE /* SigninModel.swift */,
			);
			path = Model;
			sourceTree = "<group>";
		};
/* End PBXGroup section */

/* Begin PBXNativeTarget section */
		A22FAA5825C7D77800B7660D /* Roompi */ = {
			isa = PBXNativeTarget;
			buildConfigurationList = A22FAA8325C7D77B00B7660D /* Build configuration list for PBXNativeTarget "Roompi" */;
			buildPhases = (
				E83FF7844EA8481A3319FB38 /* [CP] Check Pods Manifest.lock */,
				A22FAA5525C7D77800B7660D /* Sources */,
				A22FAA5625C7D77800B7660D /* Frameworks */,
				A22FAA5725C7D77800B7660D /* Resources */,
				A71044BF8C280737A8C2C8ED /* [CP] Embed Pods Frameworks */,
			);
			buildRules = (
			);
			dependencies = (
			);
			name = Roompi;
			productName = Roompi;
			productReference = A22FAA5925C7D77800B7660D /* Roompi.app */;
			productType = "com.apple.product-type.application";
		};
		A22FAA6E25C7D77A00B7660D /* RoompiTests */ = {
			isa = PBXNativeTarget;
			buildConfigurationList = A22FAA8625C7D77B00B7660D /* Build configuration list for PBXNativeTarget "RoompiTests" */;
			buildPhases = (
				88A3302C390005064D307F3A /* [CP] Check Pods Manifest.lock */,
				A22FAA6B25C7D77A00B7660D /* Sources */,
				A22FAA6C25C7D77A00B7660D /* Frameworks */,
				A22FAA6D25C7D77A00B7660D /* Resources */,
			);
			buildRules = (
			);
			dependencies = (
				A22FAA7125C7D77A00B7660D /* PBXTargetDependency */,
			);
			name = RoompiTests;
			productName = RoompiTests;
			productReference = A22FAA6F25C7D77A00B7660D /* RoompiTests.xctest */;
			productType = "com.apple.product-type.bundle.unit-test";
		};
		A22FAA7925C7D77B00B7660D /* RoompiUITests */ = {
			isa = PBXNativeTarget;
			buildConfigurationList = A22FAA8925C7D77B00B7660D /* Build configuration list for PBXNativeTarget "RoompiUITests" */;
			buildPhases = (
				2E986D7D4A7944EF2FE22BEA /* [CP] Check Pods Manifest.lock */,
				A22FAA7625C7D77B00B7660D /* Sources */,
				A22FAA7725C7D77B00B7660D /* Frameworks */,
				A22FAA7825C7D77B00B7660D /* Resources */,
				DFBDABEB7E485CB238C7A087 /* [CP] Embed Pods Frameworks */,
			);
			buildRules = (
			);
			dependencies = (
				A22FAA7C25C7D77B00B7660D /* PBXTargetDependency */,
			);
			name = RoompiUITests;
			productName = RoompiUITests;
			productReference = A22FAA7A25C7D77B00B7660D /* RoompiUITests.xctest */;
			productType = "com.apple.product-type.bundle.ui-testing";
		};
/* End PBXNativeTarget section */

/* Begin PBXProject section */
		A22FAA5125C7D77800B7660D /* Project object */ = {
			isa = PBXProject;
			attributes = {
				LastSwiftUpdateCheck = 1230;
				LastUpgradeCheck = 1230;
				TargetAttributes = {
					A22FAA5825C7D77800B7660D = {
						CreatedOnToolsVersion = 12.3;
					};
					A22FAA6E25C7D77A00B7660D = {
						CreatedOnToolsVersion = 12.3;
						TestTargetID = A22FAA5825C7D77800B7660D;
					};
					A22FAA7925C7D77B00B7660D = {
						CreatedOnToolsVersion = 12.3;
						TestTargetID = A22FAA5825C7D77800B7660D;
					};
				};
			};
			buildConfigurationList = A22FAA5425C7D77800B7660D /* Build configuration list for PBXProject "Roompi" */;
			compatibilityVersion = "Xcode 9.3";
			developmentRegion = en;
			hasScannedForEncodings = 0;
			knownRegions = (
				en,
				Base,
			);
			mainGroup = A22FAA5025C7D77800B7660D;
			productRefGroup = A22FAA5A25C7D77800B7660D /* Products */;
			projectDirPath = "";
			projectRoot = "";
			targets = (
				A22FAA5825C7D77800B7660D /* Roompi */,
				A22FAA6E25C7D77A00B7660D /* RoompiTests */,
				A22FAA7925C7D77B00B7660D /* RoompiUITests */,
			);
		};
/* End PBXProject section */

/* Begin PBXResourcesBuildPhase section */
		A22FAA5725C7D77800B7660D /* Resources */ = {
			isa = PBXResourcesBuildPhase;
			buildActionMask = 2147483647;
			files = (
				A22FAA6925C7D77A00B7660D /* LaunchScreen.storyboard in Resources */,
				A22FAA6625C7D77A00B7660D /* Assets.xcassets in Resources */,
				A22FAA6425C7D77800B7660D /* Main.storyboard in Resources */,
			);
			runOnlyForDeploymentPostprocessing = 0;
		};
		A22FAA6D25C7D77A00B7660D /* Resources */ = {
			isa = PBXResourcesBuildPhase;
			buildActionMask = 2147483647;
			files = (
			);
			runOnlyForDeploymentPostprocessing = 0;
		};
		A22FAA7825C7D77B00B7660D /* Resources */ = {
			isa = PBXResourcesBuildPhase;
			buildActionMask = 2147483647;
			files = (
			);
			runOnlyForDeploymentPostprocessing = 0;
		};
/* End PBXResourcesBuildPhase section */

/* Begin PBXShellScriptBuildPhase section */
		2E986D7D4A7944EF2FE22BEA /* [CP] Check Pods Manifest.lock */ = {
			isa = PBXShellScriptBuildPhase;
			buildActionMask = 2147483647;
			files = (
			);
			inputFileListPaths = (
			);
			inputPaths = (
				"${PODS_PODFILE_DIR_PATH}/Podfile.lock",
				"${PODS_ROOT}/Manifest.lock",
			);
			name = "[CP] Check Pods Manifest.lock";
			outputFileListPaths = (
			);
			outputPaths = (
				"$(DERIVED_FILE_DIR)/Pods-Roompi-RoompiUITests-checkManifestLockResult.txt",
			);
			runOnlyForDeploymentPostprocessing = 0;
			shellPath = /bin/sh;
			shellScript = "diff \"${PODS_PODFILE_DIR_PATH}/Podfile.lock\" \"${PODS_ROOT}/Manifest.lock\" > /dev/null\nif [ $? != 0 ] ; then\n    # print error to STDERR\n    echo \"error: The sandbox is not in sync with the Podfile.lock. Run 'pod install' or update your CocoaPods installation.\" >&2\n    exit 1\nfi\n# This output is used by Xcode 'outputs' to avoid re-running this script phase.\necho \"SUCCESS\" > \"${SCRIPT_OUTPUT_FILE_0}\"\n";
			showEnvVarsInLog = 0;
		};
		88A3302C390005064D307F3A /* [CP] Check Pods Manifest.lock */ = {
			isa = PBXShellScriptBuildPhase;
			buildActionMask = 2147483647;
			files = (
			);
			inputFileListPaths = (
			);
			inputPaths = (
				"${PODS_PODFILE_DIR_PATH}/Podfile.lock",
				"${PODS_ROOT}/Manifest.lock",
			);
			name = "[CP] Check Pods Manifest.lock";
			outputFileListPaths = (
			);
			outputPaths = (
				"$(DERIVED_FILE_DIR)/Pods-RoompiTests-checkManifestLockResult.txt",
			);
			runOnlyForDeploymentPostprocessing = 0;
			shellPath = /bin/sh;
			shellScript = "diff \"${PODS_PODFILE_DIR_PATH}/Podfile.lock\" \"${PODS_ROOT}/Manifest.lock\" > /dev/null\nif [ $? != 0 ] ; then\n    # print error to STDERR\n    echo \"error: The sandbox is not in sync with the Podfile.lock. Run 'pod install' or update your CocoaPods installation.\" >&2\n    exit 1\nfi\n# This output is used by Xcode 'outputs' to avoid re-running this script phase.\necho \"SUCCESS\" > \"${SCRIPT_OUTPUT_FILE_0}\"\n";
			showEnvVarsInLog = 0;
		};
		A71044BF8C280737A8C2C8ED /* [CP] Embed Pods Frameworks */ = {
			isa = PBXShellScriptBuildPhase;
			buildActionMask = 2147483647;
			files = (
			);
			inputFileListPaths = (
				"${PODS_ROOT}/Target Support Files/Pods-Roompi/Pods-Roompi-frameworks-${CONFIGURATION}-input-files.xcfilelist",
			);
			name = "[CP] Embed Pods Frameworks";
			outputFileListPaths = (
				"${PODS_ROOT}/Target Support Files/Pods-Roompi/Pods-Roompi-frameworks-${CONFIGURATION}-output-files.xcfilelist",
			);
			runOnlyForDeploymentPostprocessing = 0;
			shellPath = /bin/sh;
			shellScript = "\"${PODS_ROOT}/Target Support Files/Pods-Roompi/Pods-Roompi-frameworks.sh\"\n";
			showEnvVarsInLog = 0;
		};
		DFBDABEB7E485CB238C7A087 /* [CP] Embed Pods Frameworks */ = {
			isa = PBXShellScriptBuildPhase;
			buildActionMask = 2147483647;
			files = (
			);
			inputFileListPaths = (
				"${PODS_ROOT}/Target Support Files/Pods-Roompi-RoompiUITests/Pods-Roompi-RoompiUITests-frameworks-${CONFIGURATION}-input-files.xcfilelist",
			);
			name = "[CP] Embed Pods Frameworks";
			outputFileListPaths = (
				"${PODS_ROOT}/Target Support Files/Pods-Roompi-RoompiUITests/Pods-Roompi-RoompiUITests-frameworks-${CONFIGURATION}-output-files.xcfilelist",
			);
			runOnlyForDeploymentPostprocessing = 0;
			shellPath = /bin/sh;
			shellScript = "\"${PODS_ROOT}/Target Support Files/Pods-Roompi-RoompiUITests/Pods-Roompi-RoompiUITests-frameworks.sh\"\n";
			showEnvVarsInLog = 0;
		};
		E83FF7844EA8481A3319FB38 /* [CP] Check Pods Manifest.lock */ = {
			isa = PBXShellScriptBuildPhase;
			buildActionMask = 2147483647;
			files = (
			);
			inputFileListPaths = (
			);
			inputPaths = (
				"${PODS_PODFILE_DIR_PATH}/Podfile.lock",
				"${PODS_ROOT}/Manifest.lock",
			);
			name = "[CP] Check Pods Manifest.lock";
			outputFileListPaths = (
			);
			outputPaths = (
				"$(DERIVED_FILE_DIR)/Pods-Roompi-checkManifestLockResult.txt",
			);
			runOnlyForDeploymentPostprocessing = 0;
			shellPath = /bin/sh;
			shellScript = "diff \"${PODS_PODFILE_DIR_PATH}/Podfile.lock\" \"${PODS_ROOT}/Manifest.lock\" > /dev/null\nif [ $? != 0 ] ; then\n    # print error to STDERR\n    echo \"error: The sandbox is not in sync with the Podfile.lock. Run 'pod install' or update your CocoaPods installation.\" >&2\n    exit 1\nfi\n# This output is used by Xcode 'outputs' to avoid re-running this script phase.\necho \"SUCCESS\" > \"${SCRIPT_OUTPUT_FILE_0}\"\n";
			showEnvVarsInLog = 0;
		};
/* End PBXShellScriptBuildPhase section */

/* Begin PBXSourcesBuildPhase section */
		A22FAA5525C7D77800B7660D /* Sources */ = {
			isa = PBXSourcesBuildPhase;
			buildActionMask = 2147483647;
			files = (
				A240020525CBCF3600BC114F /* LoaderManager.swift in Sources */,
				A2A0003325C7FDFA00110208 /* Extension.swift in Sources */,
				A22FAA6125C7D77800B7660D /* ViewController.swift in Sources */,
				A2A0FFFC25C7E51200110208 /* ApiRouter+Signin.swift in Sources */,
				A22FAA5D25C7D77800B7660D /* AppDelegate.swift in Sources */,
				A2AB80AD25D3C9D600E69DFA /* UIKit+Estention.swift in Sources */,
				A2D75E2425C92CB300FDD124 /* SigninViewModel.swift in Sources */,
				A2AB80BB25D3CE5B00E69DFA /* HasApply.swift in Sources */,
				A2AB80CB25D3D7C100E69DFA /* HasSetup.swift in Sources */,
				A2A0003225C7FDFA00110208 /* Colors.swift in Sources */,
				A2AB80A425D3C97A00E69DFA /* Style.swift in Sources */,
				A2A0003025C7FDFA00110208 /* DateGeneric.swift in Sources */,
				A2AB803925D38D5900E69DFA /* BaseTextField.swift in Sources */,
				A2708E8825DE6545002EC754 /* BaseViewController.swift in Sources */,
				A2FF502525CA5F2E004BD8DE /* SigninModel.swift in Sources */,
				A22FAA5F25C7D77800B7660D /* SceneDelegate.swift in Sources */,
				A2AB80B525D3CBC100E69DFA /* String+Extention.swift in Sources */,
				A2708E8025DE650E002EC754 /* KeyboardEventDispatcher.swift in Sources */,
				A2AB80C325D3CEB500E69DFA /* Functions.swift in Sources */,
				A24001FD25CBCF1900BC114F /* ToastManager.swift in Sources */,
				A2A0001F25C7FD5B00110208 /* APICallError.swift in Sources */,
				A2AB80D025D3D89700E69DFA /* UIView+Swizzle.swift in Sources */,
				A2FF501D25CA5E9A004BD8DE /* BaseModel.swift in Sources */,
				A2A0002F25C7FDFA00110208 /* Fonts.swift in Sources */,
				A2A0000625C7E63D00110208 /* ApiClient.swift in Sources */,
				A2A0002C25C7FDFA00110208 /* Constants.swift in Sources */,
			);
			runOnlyForDeploymentPostprocessing = 0;
		};
		A22FAA6B25C7D77A00B7660D /* Sources */ = {
			isa = PBXSourcesBuildPhase;
			buildActionMask = 2147483647;
			files = (
				A22FAA7425C7D77A00B7660D /* RoompiTests.swift in Sources */,
			);
			runOnlyForDeploymentPostprocessing = 0;
		};
		A22FAA7625C7D77B00B7660D /* Sources */ = {
			isa = PBXSourcesBuildPhase;
			buildActionMask = 2147483647;
			files = (
				A22FAA7F25C7D77B00B7660D /* RoompiUITests.swift in Sources */,
			);
			runOnlyForDeploymentPostprocessing = 0;
		};
/* End PBXSourcesBuildPhase section */

/* Begin PBXTargetDependency section */
		A22FAA7125C7D77A00B7660D /* PBXTargetDependency */ = {
			isa = PBXTargetDependency;
			target = A22FAA5825C7D77800B7660D /* Roompi */;
			targetProxy = A22FAA7025C7D77A00B7660D /* PBXContainerItemProxy */;
		};
		A22FAA7C25C7D77B00B7660D /* PBXTargetDependency */ = {
			isa = PBXTargetDependency;
			target = A22FAA5825C7D77800B7660D /* Roompi */;
			targetProxy = A22FAA7B25C7D77B00B7660D /* PBXContainerItemProxy */;
		};
/* End PBXTargetDependency section */

/* Begin PBXVariantGroup section */
		A22FAA6225C7D77800B7660D /* Main.storyboard */ = {
			isa = PBXVariantGroup;
			children = (
				A22FAA6325C7D77800B7660D /* Base */,
			);
			name = Main.storyboard;
			sourceTree = "<group>";
		};
		A22FAA6725C7D77A00B7660D /* LaunchScreen.storyboard */ = {
			isa = PBXVariantGroup;
			children = (
				A22FAA6825C7D77A00B7660D /* Base */,
			);
			name = LaunchScreen.storyboard;
			sourceTree = "<group>";
		};
/* End PBXVariantGroup section */

/* Begin XCBuildConfiguration section */
		A22FAA8125C7D77B00B7660D /* Debug */ = {
			isa = XCBuildConfiguration;
			buildSettings = {
				ALWAYS_SEARCH_USER_PATHS = NO;
				CLANG_ANALYZER_NONNULL = YES;
				CLANG_ANALYZER_NUMBER_OBJECT_CONVERSION = YES_AGGRESSIVE;
				CLANG_CXX_LANGUAGE_STANDARD = "gnu++14";
				CLANG_CXX_LIBRARY = "libc++";
				CLANG_ENABLE_MODULES = YES;
				CLANG_ENABLE_OBJC_ARC = YES;
				CLANG_ENABLE_OBJC_WEAK = YES;
				CLANG_WARN_BLOCK_CAPTURE_AUTORELEASING = YES;
				CLANG_WARN_BOOL_CONVERSION = YES;
				CLANG_WARN_COMMA = YES;
				CLANG_WARN_CONSTANT_CONVERSION = YES;
				CLANG_WARN_DEPRECATED_OBJC_IMPLEMENTATIONS = YES;
				CLANG_WARN_DIRECT_OBJC_ISA_USAGE = YES_ERROR;
				CLANG_WARN_DOCUMENTATION_COMMENTS = YES;
				CLANG_WARN_EMPTY_BODY = YES;
				CLANG_WARN_ENUM_CONVERSION = YES;
				CLANG_WARN_INFINITE_RECURSION = YES;
				CLANG_WARN_INT_CONVERSION = YES;
				CLANG_WARN_NON_LITERAL_NULL_CONVERSION = YES;
				CLANG_WARN_OBJC_IMPLICIT_RETAIN_SELF = YES;
				CLANG_WARN_OBJC_LITERAL_CONVERSION = YES;
				CLANG_WARN_OBJC_ROOT_CLASS = YES_ERROR;
				CLANG_WARN_QUOTED_INCLUDE_IN_FRAMEWORK_HEADER = YES;
				CLANG_WARN_RANGE_LOOP_ANALYSIS = YES;
				CLANG_WARN_STRICT_PROTOTYPES = YES;
				CLANG_WARN_SUSPICIOUS_MOVE = YES;
				CLANG_WARN_UNGUARDED_AVAILABILITY = YES_AGGRESSIVE;
				CLANG_WARN_UNREACHABLE_CODE = YES;
				CLANG_WARN__DUPLICATE_METHOD_MATCH = YES;
				COPY_PHASE_STRIP = NO;
				DEBUG_INFORMATION_FORMAT = dwarf;
				ENABLE_STRICT_OBJC_MSGSEND = YES;
				ENABLE_TESTABILITY = YES;
				GCC_C_LANGUAGE_STANDARD = gnu11;
				GCC_DYNAMIC_NO_PIC = NO;
				GCC_NO_COMMON_BLOCKS = YES;
				GCC_OPTIMIZATION_LEVEL = 0;
				GCC_PREPROCESSOR_DEFINITIONS = (
					"DEBUG=1",
					"$(inherited)",
				);
				GCC_WARN_64_TO_32_BIT_CONVERSION = YES;
				GCC_WARN_ABOUT_RETURN_TYPE = YES_ERROR;
				GCC_WARN_UNDECLARED_SELECTOR = YES;
				GCC_WARN_UNINITIALIZED_AUTOS = YES_AGGRESSIVE;
				GCC_WARN_UNUSED_FUNCTION = YES;
				GCC_WARN_UNUSED_VARIABLE = YES;
				IPHONEOS_DEPLOYMENT_TARGET = 14.3;
				MTL_ENABLE_DEBUG_INFO = INCLUDE_SOURCE;
				MTL_FAST_MATH = YES;
				ONLY_ACTIVE_ARCH = YES;
				SDKROOT = iphoneos;
				SWIFT_ACTIVE_COMPILATION_CONDITIONS = DEBUG;
				SWIFT_OPTIMIZATION_LEVEL = "-Onone";
			};
			name = Debug;
		};
		A22FAA8225C7D77B00B7660D /* Release */ = {
			isa = XCBuildConfiguration;
			buildSettings = {
				ALWAYS_SEARCH_USER_PATHS = NO;
				CLANG_ANALYZER_NONNULL = YES;
				CLANG_ANALYZER_NUMBER_OBJECT_CONVERSION = YES_AGGRESSIVE;
				CLANG_CXX_LANGUAGE_STANDARD = "gnu++14";
				CLANG_CXX_LIBRARY = "libc++";
				CLANG_ENABLE_MODULES = YES;
				CLANG_ENABLE_OBJC_ARC = YES;
				CLANG_ENABLE_OBJC_WEAK = YES;
				CLANG_WARN_BLOCK_CAPTURE_AUTORELEASING = YES;
				CLANG_WARN_BOOL_CONVERSION = YES;
				CLANG_WARN_COMMA = YES;
				CLANG_WARN_CONSTANT_CONVERSION = YES;
				CLANG_WARN_DEPRECATED_OBJC_IMPLEMENTATIONS = YES;
				CLANG_WARN_DIRECT_OBJC_ISA_USAGE = YES_ERROR;
				CLANG_WARN_DOCUMENTATION_COMMENTS = YES;
				CLANG_WARN_EMPTY_BODY = YES;
				CLANG_WARN_ENUM_CONVERSION = YES;
				CLANG_WARN_INFINITE_RECURSION = YES;
				CLANG_WARN_INT_CONVERSION = YES;
				CLANG_WARN_NON_LITERAL_NULL_CONVERSION = YES;
				CLANG_WARN_OBJC_IMPLICIT_RETAIN_SELF = YES;
				CLANG_WARN_OBJC_LITERAL_CONVERSION = YES;
				CLANG_WARN_OBJC_ROOT_CLASS = YES_ERROR;
				CLANG_WARN_QUOTED_INCLUDE_IN_FRAMEWORK_HEADER = YES;
				CLANG_WARN_RANGE_LOOP_ANALYSIS = YES;
				CLANG_WARN_STRICT_PROTOTYPES = YES;
				CLANG_WARN_SUSPICIOUS_MOVE = YES;
				CLANG_WARN_UNGUARDED_AVAILABILITY = YES_AGGRESSIVE;
				CLANG_WARN_UNREACHABLE_CODE = YES;
				CLANG_WARN__DUPLICATE_METHOD_MATCH = YES;
				COPY_PHASE_STRIP = NO;
				DEBUG_INFORMATION_FORMAT = "dwarf-with-dsym";
				ENABLE_NS_ASSERTIONS = NO;
				ENABLE_STRICT_OBJC_MSGSEND = YES;
				GCC_C_LANGUAGE_STANDARD = gnu11;
				GCC_NO_COMMON_BLOCKS = YES;
				GCC_WARN_64_TO_32_BIT_CONVERSION = YES;
				GCC_WARN_ABOUT_RETURN_TYPE = YES_ERROR;
				GCC_WARN_UNDECLARED_SELECTOR = YES;
				GCC_WARN_UNINITIALIZED_AUTOS = YES_AGGRESSIVE;
				GCC_WARN_UNUSED_FUNCTION = YES;
				GCC_WARN_UNUSED_VARIABLE = YES;
				IPHONEOS_DEPLOYMENT_TARGET = 14.3;
				MTL_ENABLE_DEBUG_INFO = NO;
				MTL_FAST_MATH = YES;
				SDKROOT = iphoneos;
				SWIFT_COMPILATION_MODE = wholemodule;
				SWIFT_OPTIMIZATION_LEVEL = "-O";
				VALIDATE_PRODUCT = YES;
			};
			name = Release;
		};
		A22FAA8425C7D77B00B7660D /* Debug */ = {
			isa = XCBuildConfiguration;
			baseConfigurationReference = 56E3603C00BA8979C3EF883C /* Pods-Roompi.debug.xcconfig */;
			buildSettings = {
				ASSETCATALOG_COMPILER_APPICON_NAME = AppIcon;
				ASSETCATALOG_COMPILER_GLOBAL_ACCENT_COLOR_NAME = AccentColor;
				CODE_SIGN_STYLE = Automatic;
				DEVELOPMENT_TEAM = HJM23P36G4;
				INFOPLIST_FILE = Roompi/Info.plist;
				IPHONEOS_DEPLOYMENT_TARGET = 12.0;
				LD_RUNPATH_SEARCH_PATHS = (
					"$(inherited)",
					"@executable_path/Frameworks",
				);
				PRODUCT_BUNDLE_IDENTIFIER = lol.ngetest1;
				PRODUCT_NAME = "$(TARGET_NAME)";
				SWIFT_VERSION = 5.0;
				TARGETED_DEVICE_FAMILY = "1,2";
			};
			name = Debug;
		};
		A22FAA8525C7D77B00B7660D /* Release */ = {
			isa = XCBuildConfiguration;
			baseConfigurationReference = 555EBC273B41BA047D1F7CF8 /* Pods-Roompi.release.xcconfig */;
			buildSettings = {
				ASSETCATALOG_COMPILER_APPICON_NAME = AppIcon;
				ASSETCATALOG_COMPILER_GLOBAL_ACCENT_COLOR_NAME = AccentColor;
				CODE_SIGN_STYLE = Automatic;
				DEVELOPMENT_TEAM = HJM23P36G4;
				INFOPLIST_FILE = Roompi/Info.plist;
				IPHONEOS_DEPLOYMENT_TARGET = 12.0;
				LD_RUNPATH_SEARCH_PATHS = (
					"$(inherited)",
					"@executable_path/Frameworks",
				);
				PRODUCT_BUNDLE_IDENTIFIER = lol.ngetest1;
				PRODUCT_NAME = "$(TARGET_NAME)";
				SWIFT_VERSION = 5.0;
				TARGETED_DEVICE_FAMILY = "1,2";
			};
			name = Release;
		};
		A22FAA8725C7D77B00B7660D /* Debug */ = {
			isa = XCBuildConfiguration;
			baseConfigurationReference = A6240966876DF38DCABEC439 /* Pods-RoompiTests.debug.xcconfig */;
			buildSettings = {
				ALWAYS_EMBED_SWIFT_STANDARD_LIBRARIES = YES;
				BUNDLE_LOADER = "$(TEST_HOST)";
				CODE_SIGN_STYLE = Automatic;
				INFOPLIST_FILE = RoompiTests/Info.plist;
				IPHONEOS_DEPLOYMENT_TARGET = 14.3;
				LD_RUNPATH_SEARCH_PATHS = (
					"$(inherited)",
					"@executable_path/Frameworks",
					"@loader_path/Frameworks",
				);
				PRODUCT_BUNDLE_IDENTIFIER = com..RoompiTests;
				PRODUCT_NAME = "$(TARGET_NAME)";
				SWIFT_VERSION = 5.0;
				TARGETED_DEVICE_FAMILY = "1,2";
				TEST_HOST = "$(BUILT_PRODUCTS_DIR)/Roompi.app/Roompi";
			};
			name = Debug;
		};
		A22FAA8825C7D77B00B7660D /* Release */ = {
			isa = XCBuildConfiguration;
			baseConfigurationReference = E460F75AD65BA31263999C21 /* Pods-RoompiTests.release.xcconfig */;
			buildSettings = {
				ALWAYS_EMBED_SWIFT_STANDARD_LIBRARIES = YES;
				BUNDLE_LOADER = "$(TEST_HOST)";
				CODE_SIGN_STYLE = Automatic;
				INFOPLIST_FILE = RoompiTests/Info.plist;
				IPHONEOS_DEPLOYMENT_TARGET = 14.3;
				LD_RUNPATH_SEARCH_PATHS = (
					"$(inherited)",
					"@executable_path/Frameworks",
					"@loader_path/Frameworks",
				);
				PRODUCT_BUNDLE_IDENTIFIER = com..RoompiTests;
				PRODUCT_NAME = "$(TARGET_NAME)";
				SWIFT_VERSION = 5.0;
				TARGETED_DEVICE_FAMILY = "1,2";
				TEST_HOST = "$(BUILT_PRODUCTS_DIR)/Roompi.app/Roompi";
			};
			name = Release;
		};
		A22FAA8A25C7D77B00B7660D /* Debug */ = {
			isa = XCBuildConfiguration;
			baseConfigurationReference = 295177204F68E4EFF6329F49 /* Pods-Roompi-RoompiUITests.debug.xcconfig */;
			buildSettings = {
				ALWAYS_EMBED_SWIFT_STANDARD_LIBRARIES = YES;
				CODE_SIGN_STYLE = Automatic;
				INFOPLIST_FILE = RoompiUITests/Info.plist;
				LD_RUNPATH_SEARCH_PATHS = (
					"$(inherited)",
					"@executable_path/Frameworks",
					"@loader_path/Frameworks",
				);
				PRODUCT_BUNDLE_IDENTIFIER = com..RoompiUITests;
				PRODUCT_NAME = "$(TARGET_NAME)";
				SWIFT_VERSION = 5.0;
				TARGETED_DEVICE_FAMILY = "1,2";
				TEST_TARGET_NAME = Roompi;
			};
			name = Debug;
		};
		A22FAA8B25C7D77B00B7660D /* Release */ = {
			isa = XCBuildConfiguration;
			baseConfigurationReference = BB6FC50FC8D81B8E301CB38E /* Pods-Roompi-RoompiUITests.release.xcconfig */;
			buildSettings = {
				ALWAYS_EMBED_SWIFT_STANDARD_LIBRARIES = YES;
				CODE_SIGN_STYLE = Automatic;
				INFOPLIST_FILE = RoompiUITests/Info.plist;
				LD_RUNPATH_SEARCH_PATHS = (
					"$(inherited)",
					"@executable_path/Frameworks",
					"@loader_path/Frameworks",
				);
				PRODUCT_BUNDLE_IDENTIFIER = com..RoompiUITests;
				PRODUCT_NAME = "$(TARGET_NAME)";
				SWIFT_VERSION = 5.0;
				TARGETED_DEVICE_FAMILY = "1,2";
				TEST_TARGET_NAME = Roompi;
			};
			name = Release;
		};
/* End XCBuildConfiguration section */

/* Begin XCConfigurationList section */
		A22FAA5425C7D77800B7660D /* Build configuration list for PBXProject "Roompi" */ = {
			isa = XCConfigurationList;
			buildConfigurations = (
				A22FAA8125C7D77B00B7660D /* Debug */,
				A22FAA8225C7D77B00B7660D /* Release */,
			);
			defaultConfigurationIsVisible = 0;
			defaultConfigurationName = Release;
		};
		A22FAA8325C7D77B00B7660D /* Build configuration list for PBXNativeTarget "Roompi" */ = {
			isa = XCConfigurationList;
			buildConfigurations = (
				A22FAA8425C7D77B00B7660D /* Debug */,
				A22FAA8525C7D77B00B7660D /* Release */,
			);
			defaultConfigurationIsVisible = 0;
			defaultConfigurationName = Release;
		};
		A22FAA8625C7D77B00B7660D /* Build configuration list for PBXNativeTarget "RoompiTests" */ = {
			isa = XCConfigurationList;
			buildConfigurations = (
				A22FAA8725C7D77B00B7660D /* Debug */,
				A22FAA8825C7D77B00B7660D /* Release */,
			);
			defaultConfigurationIsVisible = 0;
			defaultConfigurationName = Release;
		};
		A22FAA8925C7D77B00B7660D /* Build configuration list for PBXNativeTarget "RoompiUITests" */ = {
			isa = XCConfigurationList;
			buildConfigurations = (
				A22FAA8A25C7D77B00B7660D /* Debug */,
				A22FAA8B25C7D77B00B7660D /* Release */,
			);
			defaultConfigurationIsVisible = 0;
			defaultConfigurationName = Release;
		};
/* End XCConfigurationList section */
	};
	rootObject = A22FAA5125C7D77800B7660D /* Project object */;
}
